// !$*UTF8*$!
{
	archiveVersion = 1;
	classes = {
	};
	objectVersion = 56;
	objects = {

/* Begin PBXBuildFile section */
		46A1637E2AAC88DD000CADC4 /* AppDelegate.swift in Sources */ = {isa = PBXBuildFile; fileRef = 46A1637D2AAC88DD000CADC4 /* AppDelegate.swift */; };
		46A163802AAC88DD000CADC4 /* SceneDelegate.swift in Sources */ = {isa = PBXBuildFile; fileRef = 46A1637F2AAC88DD000CADC4 /* SceneDelegate.swift */; };
		46A163852AAC88DD000CADC4 /* Main.storyboard in Resources */ = {isa = PBXBuildFile; fileRef = 46A163832AAC88DD000CADC4 /* Main.storyboard */; };
		46A163872AAC88DD000CADC4 /* Assets.xcassets in Resources */ = {isa = PBXBuildFile; fileRef = 46A163862AAC88DD000CADC4 /* Assets.xcassets */; };
		46A1638A2AAC88DD000CADC4 /* LaunchScreen.storyboard in Resources */ = {isa = PBXBuildFile; fileRef = 46A163882AAC88DD000CADC4 /* LaunchScreen.storyboard */; };
		46A163962AAC89FF000CADC4 /* TalkCollectionViewCell.swift in Sources */ = {isa = PBXBuildFile; fileRef = 46A163952AAC89FF000CADC4 /* TalkCollectionViewCell.swift */; };
		46A163982AAC8A31000CADC4 /* TalkListViewController.swift in Sources */ = {isa = PBXBuildFile; fileRef = 46A163972AAC8A31000CADC4 /* TalkListViewController.swift */; };
		46A1639A2AAC8A47000CADC4 /* Talk.swift in Sources */ = {isa = PBXBuildFile; fileRef = 46A163992AAC8A47000CADC4 /* Talk.swift */; };
		46A1639C2AAC8ABB000CADC4 /* ProfileViewController.swift in Sources */ = {isa = PBXBuildFile; fileRef = 46A1639B2AAC8ABB000CADC4 /* ProfileViewController.swift */; };
/* End PBXBuildFile section */

/* Begin PBXFileReference section */
		46A1637A2AAC88DD000CADC4 /* KaKaoTalkCollectionView.app */ = {isa = PBXFileReference; explicitFileType = wrapper.application; includeInIndex = 0; path = KaKaoTalkCollectionView.app; sourceTree = BUILT_PRODUCTS_DIR; };
		46A1637D2AAC88DD000CADC4 /* AppDelegate.swift */ = {isa = PBXFileReference; lastKnownFileType = sourcecode.swift; path = AppDelegate.swift; sourceTree = "<group>"; };
		46A1637F2AAC88DD000CADC4 /* SceneDelegate.swift */ = {isa = PBXFileReference; lastKnownFileType = sourcecode.swift; path = SceneDelegate.swift; sourceTree = "<group>"; };
		46A163842AAC88DD000CADC4 /* Base */ = {isa = PBXFileReference; lastKnownFileType = file.storyboard; name = Base; path = Base.lproj/Main.storyboard; sourceTree = "<group>"; };
		46A163862AAC88DD000CADC4 /* Assets.xcassets */ = {isa = PBXFileReference; lastKnownFileType = folder.assetcatalog; path = Assets.xcassets; sourceTree = "<group>"; };
		46A163892AAC88DD000CADC4 /* Base */ = {isa = PBXFileReference; lastKnownFileType = file.storyboard; name = Base; path = Base.lproj/LaunchScreen.storyboard; sourceTree = "<group>"; };
		46A1638B2AAC88DD000CADC4 /* Info.plist */ = {isa = PBXFileReference; lastKnownFileType = text.plist.xml; path = Info.plist; sourceTree = "<group>"; };
		46A163952AAC89FF000CADC4 /* TalkCollectionViewCell.swift */ = {isa = PBXFileReference; lastKnownFileType = sourcecode.swift; path = TalkCollectionViewCell.swift; sourceTree = "<group>"; };
		46A163972AAC8A31000CADC4 /* TalkListViewController.swift */ = {isa = PBXFileReference; lastKnownFileType = sourcecode.swift; path = TalkListViewController.swift; sourceTree = "<group>"; };
		46A163992AAC8A47000CADC4 /* Talk.swift */ = {isa = PBXFileReference; lastKnownFileType = sourcecode.swift; path = Talk.swift; sourceTree = "<group>"; };
		46A1639B2AAC8ABB000CADC4 /* ProfileViewController.swift */ = {isa = PBXFileReference; lastKnownFileType = sourcecode.swift; path = ProfileViewController.swift; sourceTree = "<group>"; };
/* End PBXFileReference section */

/* Begin PBXFrameworksBuildPhase section */
		46A163772AAC88DD000CADC4 /* Frameworks */ = {
			isa = PBXFrameworksBuildPhase;
			buildActionMask = 2147483647;
			files = (
			);
			runOnlyForDeploymentPostprocessing = 0;
		};
/* End PBXFrameworksBuildPhase section */

/* Begin PBXGroup section */
		46A163712AAC88DD000CADC4 = {
			isa = PBXGroup;
			children = (
				46A1637C2AAC88DD000CADC4 /* KaKaoTalkCollectionView */,
				46A1637B2AAC88DD000CADC4 /* Products */,
			);
			sourceTree = "<group>";
		};
		46A1637B2AAC88DD000CADC4 /* Products */ = {
			isa = PBXGroup;
			children = (
				46A1637A2AAC88DD000CADC4 /* KaKaoTalkCollectionView.app */,
			);
			name = Products;
			sourceTree = "<group>";
		};
		46A1637C2AAC88DD000CADC4 /* KaKaoTalkCollectionView */ = {
			isa = PBXGroup;
			children = (
				46A1637D2AAC88DD000CADC4 /* AppDelegate.swift */,
				46A1637F2AAC88DD000CADC4 /* SceneDelegate.swift */,
				46A1639E2AAC8AD9000CADC4 /* Profile */,
				46A1639D2AAC8ACE000CADC4 /* KakaoTalk */,
				46A1639F2AAC8C58000CADC4 /* OpenChatting */,
				46A163A02AAC8C6F000CADC4 /* Shopping */,
				46A163A12AAC8CA1000CADC4 /* Settings */,
				46A163832AAC88DD000CADC4 /* Main.storyboard */,
				46A163862AAC88DD000CADC4 /* Assets.xcassets */,
				46A163882AAC88DD000CADC4 /* LaunchScreen.storyboard */,
				46A1638B2AAC88DD000CADC4 /* Info.plist */,
			);
			path = KaKaoTalkCollectionView;
			sourceTree = "<group>";
		};
		46A1639D2AAC8ACE000CADC4 /* KakaoTalk */ = {
			isa = PBXGroup;
			children = (
				46A163992AAC8A47000CADC4 /* Talk.swift */,
				46A163972AAC8A31000CADC4 /* TalkListViewController.swift */,
				46A163952AAC89FF000CADC4 /* TalkCollectionViewCell.swift */,
			);
			path = KakaoTalk;
			sourceTree = "<group>";
		};
		46A1639E2AAC8AD9000CADC4 /* Profile */ = {
			isa = PBXGroup;
			children = (
				46A1639B2AAC8ABB000CADC4 /* ProfileViewController.swift */,
			);
			path = Profile;
			sourceTree = "<group>";
		};
		46A1639F2AAC8C58000CADC4 /* OpenChatting */ = {
			isa = PBXGroup;
			children = (
			);
			path = OpenChatting;
			sourceTree = "<group>";
		};
		46A163A02AAC8C6F000CADC4 /* Shopping */ = {
			isa = PBXGroup;
			children = (
			);
			path = Shopping;
			sourceTree = "<group>";
		};
		46A163A12AAC8CA1000CADC4 /* Settings */ = {
			isa = PBXGroup;
			children = (
			);
			path = Settings;
			sourceTree = "<group>";
		};
/* End PBXGroup section */

/* Begin PBXNativeTarget section */
		46A163792AAC88DD000CADC4 /* KaKaoTalkCollectionView */ = {
			isa = PBXNativeTarget;
			buildConfigurationList = 46A1638E2AAC88DD000CADC4 /* Build configuration list for PBXNativeTarget "KaKaoTalkCollectionView" */;
			buildPhases = (
				46A163762AAC88DD000CADC4 /* Sources */,
				46A163772AAC88DD000CADC4 /* Frameworks */,
				46A163782AAC88DD000CADC4 /* Resources */,
			);
			buildRules = (
			);
			dependencies = (
			);
			name = KaKaoTalkCollectionView;
			productName = KaKaoTalkCollectionView;
			productReference = 46A1637A2AAC88DD000CADC4 /* KaKaoTalkCollectionView.app */;
			productType = "com.apple.product-type.application";
		};
/* End PBXNativeTarget section */

/* Begin PBXProject section */
		46A163722AAC88DD000CADC4 /* Project object */ = {
			isa = PBXProject;
			attributes = {
				BuildIndependentTargetsInParallel = 1;
				LastSwiftUpdateCheck = 1430;
				LastUpgradeCheck = 1430;
				TargetAttributes = {
					46A163792AAC88DD000CADC4 = {
						CreatedOnToolsVersion = 14.3.1;
					};
				};
			};
			buildConfigurationList = 46A163752AAC88DD000CADC4 /* Build configuration list for PBXProject "KaKaoTalkCollectionView" */;
			compatibilityVersion = "Xcode 14.0";
			developmentRegion = en;
			hasScannedForEncodings = 0;
			knownRegions = (
				en,
				Base,
			);
			mainGroup = 46A163712AAC88DD000CADC4;
			productRefGroup = 46A1637B2AAC88DD000CADC4 /* Products */;
			projectDirPath = "";
			projectRoot = "";
			targets = (
				46A163792AAC88DD000CADC4 /* KaKaoTalkCollectionView */,
			);
		};
/* End PBXProject section */

/* Begin PBXResourcesBuildPhase section */
		46A163782AAC88DD000CADC4 /* Resources */ = {
			isa = PBXResourcesBuildPhase;
			buildActionMask = 2147483647;
			files = (
				46A1638A2AAC88DD000CADC4 /* LaunchScreen.storyboard in Resources */,
				46A163872AAC88DD000CADC4 /* Assets.xcassets in Resources */,
				46A163852AAC88DD000CADC4 /* Main.storyboard in Resources */,
			);
			runOnlyForDeploymentPostprocessing = 0;
		};
/* End PBXResourcesBuildPhase section */

/* Begin PBXSourcesBuildPhase section */
		46A163762AAC88DD000CADC4 /* Sources */ = {
			isa = PBXSourcesBuildPhase;
			buildActionMask = 2147483647;
			files = (
				46A163982AAC8A31000CADC4 /* TalkListViewController.swift in Sources */,
				46A163962AAC89FF000CADC4 /* TalkCollectionViewCell.swift in Sources */,
				46A1639C2AAC8ABB000CADC4 /* ProfileViewController.swift in Sources */,
				46A1637E2AAC88DD000CADC4 /* AppDelegate.swift in Sources */,
				46A1639A2AAC8A47000CADC4 /* Talk.swift in Sources */,
				46A163802AAC88DD000CADC4 /* SceneDelegate.swift in Sources */,
			);
			runOnlyForDeploymentPostprocessing = 0;
		};
/* End PBXSourcesBuildPhase section */

/* Begin PBXVariantGroup section */
		46A163832AAC88DD000CADC4 /* Main.storyboard */ = {
			isa = PBXVariantGroup;
			children = (
				46A163842AAC88DD000CADC4 /* Base */,
			);
			name = Main.storyboard;
			sourceTree = "<group>";
		};
		46A163882AAC88DD000CADC4 /* LaunchScreen.storyboard */ = {
			isa = PBXVariantGroup;
			children = (
				46A163892AAC88DD000CADC4 /* Base */,
			);
			name = LaunchScreen.storyboard;
			sourceTree = "<group>";
		};
/* End PBXVariantGroup section */

/* Begin XCBuildConfiguration section */
		46A1638C2AAC88DD000CADC4 /* Debug */ = {
			isa = XCBuildConfiguration;
			buildSettings = {
				ALWAYS_SEARCH_USER_PATHS = NO;
				CLANG_ANALYZER_NONNULL = YES;
				CLANG_ANALYZER_NUMBER_OBJECT_CONVERSION = YES_AGGRESSIVE;
				CLANG_CXX_LANGUAGE_STANDARD = "gnu++20";
				CLANG_ENABLE_MODULES = YES;
				CLANG_ENABLE_OBJC_ARC = YES;
				CLANG_ENABLE_OBJC_WEAK = YES;
				CLANG_WARN_BLOCK_CAPTURE_AUTORELEASING = YES;
				CLANG_WARN_BOOL_CONVERSION = YES;
				CLANG_WARN_COMMA = YES;
				CLANG_WARN_CONSTANT_CONVERSION = YES;
				CLANG_WARN_DEPRECATED_OBJC_IMPLEMENTATIONS = YES;
				CLANG_WARN_DIRECT_OBJC_ISA_USAGE = YES_ERROR;
				CLANG_WARN_DOCUMENTATION_COMMENTS = YES;
				CLANG_WARN_EMPTY_BODY = YES;
				CLANG_WARN_ENUM_CONVERSION = YES;
				CLANG_WARN_INFINITE_RECURSION = YES;
				CLANG_WARN_INT_CONVERSION = YES;
				CLANG_WARN_NON_LITERAL_NULL_CONVERSION = YES;
				CLANG_WARN_OBJC_IMPLICIT_RETAIN_SELF = YES;
				CLANG_WARN_OBJC_LITERAL_CONVERSION = YES;
				CLANG_WARN_OBJC_ROOT_CLASS = YES_ERROR;
				CLANG_WARN_QUOTED_INCLUDE_IN_FRAMEWORK_HEADER = YES;
				CLANG_WARN_RANGE_LOOP_ANALYSIS = YES;
				CLANG_WARN_STRICT_PROTOTYPES = YES;
				CLANG_WARN_SUSPICIOUS_MOVE = YES;
				CLANG_WARN_UNGUARDED_AVAILABILITY = YES_AGGRESSIVE;
				CLANG_WARN_UNREACHABLE_CODE = YES;
				CLANG_WARN__DUPLICATE_METHOD_MATCH = YES;
				COPY_PHASE_STRIP = NO;
				DEBUG_INFORMATION_FORMAT = dwarf;
				ENABLE_STRICT_OBJC_MSGSEND = YES;
				ENABLE_TESTABILITY = YES;
				GCC_C_LANGUAGE_STANDARD = gnu11;
				GCC_DYNAMIC_NO_PIC = NO;
				GCC_NO_COMMON_BLOCKS = YES;
				GCC_OPTIMIZATION_LEVEL = 0;
				GCC_PREPROCESSOR_DEFINITIONS = (
					"DEBUG=1",
					"$(inherited)",
				);
				GCC_WARN_64_TO_32_BIT_CONVERSION = YES;
				GCC_WARN_ABOUT_RETURN_TYPE = YES_ERROR;
				GCC_WARN_UNDECLARED_SELECTOR = YES;
				GCC_WARN_UNINITIALIZED_AUTOS = YES_AGGRESSIVE;
				GCC_WARN_UNUSED_FUNCTION = YES;
				GCC_WARN_UNUSED_VARIABLE = YES;
				IPHONEOS_DEPLOYMENT_TARGET = 16.4;
				MTL_ENABLE_DEBUG_INFO = INCLUDE_SOURCE;
				MTL_FAST_MATH = YES;
				ONLY_ACTIVE_ARCH = YES;
				SDKROOT = iphoneos;
				SWIFT_ACTIVE_COMPILATION_CONDITIONS = DEBUG;
				SWIFT_OPTIMIZATION_LEVEL = "-Onone";
			};
			name = Debug;
		};
		46A1638D2AAC88DD000CADC4 /* Release */ = {
			isa = XCBuildConfiguration;
			buildSettings = {
				ALWAYS_SEARCH_USER_PATHS = NO;
				CLANG_ANALYZER_NONNULL = YES;
				CLANG_ANALYZER_NUMBER_OBJECT_CONVERSION = YES_AGGRESSIVE;
				CLANG_CXX_LANGUAGE_STANDARD = "gnu++20";
				CLANG_ENABLE_MODULES = YES;
				CLANG_ENABLE_OBJC_ARC = YES;
				CLANG_ENABLE_OBJC_WEAK = YES;
				CLANG_WARN_BLOCK_CAPTURE_AUTORELEASING = YES;
				CLANG_WARN_BOOL_CONVERSION = YES;
				CLANG_WARN_COMMA = YES;
				CLANG_WARN_CONSTANT_CONVERSION = YES;
				CLANG_WARN_DEPRECATED_OBJC_IMPLEMENTATIONS = YES;
				CLANG_WARN_DIRECT_OBJC_ISA_USAGE = YES_ERROR;
				CLANG_WARN_DOCUMENTATION_COMMENTS = YES;
				CLANG_WARN_EMPTY_BODY = YES;
				CLANG_WARN_ENUM_CONVERSION = YES;
				CLANG_WARN_INFINITE_RECURSION = YES;
				CLANG_WARN_INT_CONVERSION = YES;
				CLANG_WARN_NON_LITERAL_NULL_CONVERSION = YES;
				CLANG_WARN_OBJC_IMPLICIT_RETAIN_SELF = YES;
				CLANG_WARN_OBJC_LITERAL_CONVERSION = YES;
				CLANG_WARN_OBJC_ROOT_CLASS = YES_ERROR;
				CLANG_WARN_QUOTED_INCLUDE_IN_FRAMEWORK_HEADER = YES;
				CLANG_WARN_RANGE_LOOP_ANALYSIS = YES;
				CLANG_WARN_STRICT_PROTOTYPES = YES;
				CLANG_WARN_SUSPICIOUS_MOVE = YES;
				CLANG_WARN_UNGUARDED_AVAILABILITY = YES_AGGRESSIVE;
				CLANG_WARN_UNREACHABLE_CODE = YES;
				CLANG_WARN__DUPLICATE_METHOD_MATCH = YES;
				COPY_PHASE_STRIP = NO;
				DEBUG_INFORMATION_FORMAT = "dwarf-with-dsym";
				ENABLE_NS_ASSERTIONS = NO;
				ENABLE_STRICT_OBJC_MSGSEND = YES;
				GCC_C_LANGUAGE_STANDARD = gnu11;
				GCC_NO_COMMON_BLOCKS = YES;
				GCC_WARN_64_TO_32_BIT_CONVERSION = YES;
				GCC_WARN_ABOUT_RETURN_TYPE = YES_ERROR;
				GCC_WARN_UNDECLARED_SELECTOR = YES;
				GCC_WARN_UNINITIALIZED_AUTOS = YES_AGGRESSIVE;
				GCC_WARN_UNUSED_FUNCTION = YES;
				GCC_WARN_UNUSED_VARIABLE = YES;
				IPHONEOS_DEPLOYMENT_TARGET = 16.4;
				MTL_ENABLE_DEBUG_INFO = NO;
				MTL_FAST_MATH = YES;
				SDKROOT = iphoneos;
				SWIFT_COMPILATION_MODE = wholemodule;
				SWIFT_OPTIMIZATION_LEVEL = "-O";
				VALIDATE_PRODUCT = YES;
			};
			name = Release;
		};
		46A1638F2AAC88DD000CADC4 /* Debug */ = {
			isa = XCBuildConfiguration;
			buildSettings = {
				ASSETCATALOG_COMPILER_APPICON_NAME = AppIcon;
				ASSETCATALOG_COMPILER_GLOBAL_ACCENT_COLOR_NAME = AccentColor;
				CODE_SIGN_STYLE = Automatic;
				CURRENT_PROJECT_VERSION = 1;
				DEVELOPMENT_TEAM = MTWK7B57YU;
				GENERATE_INFOPLIST_FILE = YES;
				INFOPLIST_FILE = KaKaoTalkCollectionView/Info.plist;
				INFOPLIST_KEY_UIApplicationSupportsIndirectInputEvents = YES;
				INFOPLIST_KEY_UILaunchStoryboardName = LaunchScreen;
				INFOPLIST_KEY_UIMainStoryboardFile = Main;
				INFOPLIST_KEY_UISupportedInterfaceOrientations_iPad = "UIInterfaceOrientationPortrait UIInterfaceOrientationPortraitUpsideDown UIInterfaceOrientationLandscapeLeft UIInterfaceOrientationLandscapeRight";
				INFOPLIST_KEY_UISupportedInterfaceOrientations_iPhone = "UIInterfaceOrientationPortrait UIInterfaceOrientationLandscapeLeft UIInterfaceOrientationLandscapeRight";
				LD_RUNPATH_SEARCH_PATHS = (
					"$(inherited)",
					"@executable_path/Frameworks",
				);
				MARKETING_VERSION = 1.0;
				PRODUCT_BUNDLE_IDENTIFIER = cana.KaKaoTalkCollectionView;
				PRODUCT_NAME = "$(TARGET_NAME)";
				SWIFT_EMIT_LOC_STRINGS = YES;
				SWIFT_VERSION = 5.0;
				TARGETED_DEVICE_FAMILY = "1,2";
			};
			name = Debug;
		};
		46A163902AAC88DD000CADC4 /* Release */ = {
			isa = XCBuildConfiguration;
			buildSettings = {
				ASSETCATALOG_COMPILER_APPICON_NAME = AppIcon;
				ASSETCATALOG_COMPILER_GLOBAL_ACCENT_COLOR_NAME = AccentColor;
				CODE_SIGN_STYLE = Automatic;
				CURRENT_PROJECT_VERSION = 1;
				DEVELOPMENT_TEAM = MTWK7B57YU;
				GENERATE_INFOPLIST_FILE = YES;
				INFOPLIST_FILE = KaKaoTalkCollectionView/Info.plist;
				INFOPLIST_KEY_UIApplicationSupportsIndirectInputEvents = YES;
				INFOPLIST_KEY_UILaunchStoryboardName = LaunchScreen;
				INFOPLIST_KEY_UIMainStoryboardFile = Main;
				INFOPLIST_KEY_UISupportedInterfaceOrientations_iPad = "UIInterfaceOrientationPortrait UIInterfaceOrientationPortraitUpsideDown UIInterfaceOrientationLandscapeLeft UIInterfaceOrientationLandscapeRight";
				INFOPLIST_KEY_UISupportedInterfaceOrientations_iPhone = "UIInterfaceOrientationPortrait UIInterfaceOrientationLandscapeLeft UIInterfaceOrientationLandscapeRight";
				LD_RUNPATH_SEARCH_PATHS = (
					"$(inherited)",
					"@executable_path/Frameworks",
				);
				MARKETING_VERSION = 1.0;
				PRODUCT_BUNDLE_IDENTIFIER = cana.KaKaoTalkCollectionView;
				PRODUCT_NAME = "$(TARGET_NAME)";
				SWIFT_EMIT_LOC_STRINGS = YES;
				SWIFT_VERSION = 5.0;
				TARGETED_DEVICE_FAMILY = "1,2";
			};
			name = Release;
		};
/* End XCBuildConfiguration section */

/* Begin XCConfigurationList section */
		46A163752AAC88DD000CADC4 /* Build configuration list for PBXProject "KaKaoTalkCollectionView" */ = {
			isa = XCConfigurationList;
			buildConfigurations = (
				46A1638C2AAC88DD000CADC4 /* Debug */,
				46A1638D2AAC88DD000CADC4 /* Release */,
			);
			defaultConfigurationIsVisible = 0;
			defaultConfigurationName = Release;
		};
		46A1638E2AAC88DD000CADC4 /* Build configuration list for PBXNativeTarget "KaKaoTalkCollectionView" */ = {
			isa = XCConfigurationList;
			buildConfigurations = (
				46A1638F2AAC88DD000CADC4 /* Debug */,
				46A163902AAC88DD000CADC4 /* Release */,
			);
			defaultConfigurationIsVisible = 0;
			defaultConfigurationName = Release;
		};
/* End XCConfigurationList section */
	};
	rootObject = 46A163722AAC88DD000CADC4 /* Project object */;
}
